// !$*UTF8*$!
{
	archiveVersion = 1;
	classes = {
	};
	objectVersion = 77;
	objects = {

/* Begin PBXBuildFile section */
		C661AED72F4510E30094064F /* WidgetKit.framework in Frameworks */ = {isa = PBXBuildFile; fileRef = C661AED62F4510E30094064F /* WidgetKit.framework */; };
		C661AED92F4510E30094064F /* SwiftUI.framework in Frameworks */ = {isa = PBXBuildFile; fileRef = C661AED82F4510E30094064F /* SwiftUI.framework */; };
		C661AEEA2F4510E30094064F /* WakepromptWidgetExtension.appex in Embed Foundation Extensions */ = {isa = PBXBuildFile; fileRef = C661AED42F4510E20094064F /* WakepromptWidgetExtension.appex */; settings = {ATTRIBUTES = (RemoveHeadersOnCopy, ); }; };
/* End PBXBuildFile section */

/* Begin PBXContainerItemProxy section */
		C661AE822F450C9E0094064F /* PBXContainerItemProxy */ = {
			isa = PBXContainerItemProxy;
			containerPortal = C661AE6A2F450C9D0094064F /* Project object */;
			proxyType = 1;
			remoteGlobalIDString = C661AE712F450C9D0094064F;
			remoteInfo = Wakeprompt;
		};
		C661AE8C2F450C9E0094064F /* PBXContainerItemProxy */ = {
			isa = PBXContainerItemProxy;
			containerPortal = C661AE6A2F450C9D0094064F /* Project object */;
			proxyType = 1;
			remoteGlobalIDString = C661AE712F450C9D0094064F;
			remoteInfo = Wakeprompt;
		};
		C661AEE82F4510E30094064F /* PBXContainerItemProxy */ = {
			isa = PBXContainerItemProxy;
			containerPortal = C661AE6A2F450C9D0094064F /* Project object */;
			proxyType = 1;
			remoteGlobalIDString = C661AED32F4510E20094064F;
			remoteInfo = WakepromptWidgetExtension;
		};
/* End PBXContainerItemProxy section */

/* Begin PBXCopyFilesBuildPhase section */
		C661AEEF2F4510E30094064F /* Embed Foundation Extensions */ = {
			isa = PBXCopyFilesBuildPhase;
			buildActionMask = 2147483647;
			dstPath = "";
			dstSubfolderSpec = 13;
			files = (
				C661AEEA2F4510E30094064F /* WakepromptWidgetExtension.appex in Embed Foundation Extensions */,
			);
			name = "Embed Foundation Extensions";
			runOnlyForDeploymentPostprocessing = 0;
		};
/* End PBXCopyFilesBuildPhase section */

/* Begin PBXFileReference section */
		C661AE722F450C9D0094064F /* Wakeprompt.app */ = {isa = PBXFileReference; explicitFileType = wrapper.application; includeInIndex = 0; path = Wakeprompt.app; sourceTree = BUILT_PRODUCTS_DIR; };
		C661AE812F450C9E0094064F /* WakepromptTests.xctest */ = {isa = PBXFileReference; explicitFileType = wrapper.cfbundle; includeInIndex = 0; path = WakepromptTests.xctest; sourceTree = BUILT_PRODUCTS_DIR; };
		C661AE8B2F450C9E0094064F /* WakepromptUITests.xctest */ = {isa = PBXFileReference; explicitFileType = wrapper.cfbundle; includeInIndex = 0; path = WakepromptUITests.xctest; sourceTree = BUILT_PRODUCTS_DIR; };
		C661AED42F4510E20094064F /* WakepromptWidgetExtension.appex */ = {isa = PBXFileReference; explicitFileType = "wrapper.app-extension"; includeInIndex = 0; path = WakepromptWidgetExtension.appex; sourceTree = BUILT_PRODUCTS_DIR; };
		C661AED62F4510E30094064F /* WidgetKit.framework */ = {isa = PBXFileReference; lastKnownFileType = wrapper.framework; name = WidgetKit.framework; path = System/Library/Frameworks/WidgetKit.framework; sourceTree = SDKROOT; };
		C661AED82F4510E30094064F /* SwiftUI.framework */ = {isa = PBXFileReference; lastKnownFileType = wrapper.framework; name = SwiftUI.framework; path = System/Library/Frameworks/SwiftUI.framework; sourceTree = SDKROOT; };
/* End PBXFileReference section */

/* Begin PBXFileSystemSynchronizedBuildFileExceptionSet section */
		C62259712F45578E005CE3C1 /* Exceptions for "Wakeprompt" folder in "Wakeprompt" target */ = {
			isa = PBXFileSystemSynchronizedBuildFileExceptionSet;
			membershipExceptions = (
				Info.plist,
			);
			target = C661AE712F450C9D0094064F /* Wakeprompt */;
		};
		C661AEEB2F4510E30094064F /* Exceptions for "WakepromptWidget" folder in "WakepromptWidgetExtension" target */ = {
			isa = PBXFileSystemSynchronizedBuildFileExceptionSet;
			membershipExceptions = (
				Info.plist,
			);
			target = C661AED32F4510E20094064F /* WakepromptWidgetExtension */;
		};
/* End PBXFileSystemSynchronizedBuildFileExceptionSet section */

/* Begin PBXFileSystemSynchronizedRootGroup section */
		C661AE742F450C9D0094064F /* Wakeprompt */ = {
			isa = PBXFileSystemSynchronizedRootGroup;
			exceptions = (
				C62259712F45578E005CE3C1 /* Exceptions for "Wakeprompt" folder in "Wakeprompt" target */,
			);
			path = Wakeprompt;
			sourceTree = "<group>";
		};
		C661AE842F450C9E0094064F /* WakepromptTests */ = {
			isa = PBXFileSystemSynchronizedRootGroup;
			path = WakepromptTests;
			sourceTree = "<group>";
		};
		C661AE8E2F450C9E0094064F /* WakepromptUITests */ = {
			isa = PBXFileSystemSynchronizedRootGroup;
			path = WakepromptUITests;
			sourceTree = "<group>";
		};
		C661AEDA2F4510E30094064F /* WakepromptWidget */ = {
			isa = PBXFileSystemSynchronizedRootGroup;
			exceptions = (
				C661AEEB2F4510E30094064F /* Exceptions for "WakepromptWidget" folder in "WakepromptWidgetExtension" target */,
			);
			path = WakepromptWidget;
			sourceTree = "<group>";
		};
/* End PBXFileSystemSynchronizedRootGroup section */

/* Begin PBXFrameworksBuildPhase section */
		C661AE6F2F450C9D0094064F /* Frameworks */ = {
			isa = PBXFrameworksBuildPhase;
			buildActionMask = 2147483647;
			files = (
			);
			runOnlyForDeploymentPostprocessing = 0;
		};
		C661AE7E2F450C9E0094064F /* Frameworks */ = {
			isa = PBXFrameworksBuildPhase;
			buildActionMask = 2147483647;
			files = (
			);
			runOnlyForDeploymentPostprocessing = 0;
		};
		C661AE882F450C9E0094064F /* Frameworks */ = {
			isa = PBXFrameworksBuildPhase;
			buildActionMask = 2147483647;
			files = (
			);
			runOnlyForDeploymentPostprocessing = 0;
		};
		C661AED12F4510E20094064F /* Frameworks */ = {
			isa = PBXFrameworksBuildPhase;
			buildActionMask = 2147483647;
			files = (
				C661AED92F4510E30094064F /* SwiftUI.framework in Frameworks */,
				C661AED72F4510E30094064F /* WidgetKit.framework in Frameworks */,
			);
			runOnlyForDeploymentPostprocessing = 0;
		};
/* End PBXFrameworksBuildPhase section */

/* Begin PBXGroup section */
		C661AE692F450C9D0094064F = {
			isa = PBXGroup;
			children = (
				C661AE742F450C9D0094064F /* Wakeprompt */,
				C661AE842F450C9E0094064F /* WakepromptTests */,
				C661AE8E2F450C9E0094064F /* WakepromptUITests */,
				C661AEDA2F4510E30094064F /* WakepromptWidget */,
				C661AED52F4510E30094064F /* Frameworks */,
				C661AE732F450C9D0094064F /* Products */,
			);
			sourceTree = "<group>";
		};
		C661AE732F450C9D0094064F /* Products */ = {
			isa = PBXGroup;
			children = (
				C661AE722F450C9D0094064F /* Wakeprompt.app */,
				C661AE812F450C9E0094064F /* WakepromptTests.xctest */,
				C661AE8B2F450C9E0094064F /* WakepromptUITests.xctest */,
				C661AED42F4510E20094064F /* WakepromptWidgetExtension.appex */,
			);
			name = Products;
			sourceTree = "<group>";
		};
		C661AED52F4510E30094064F /* Frameworks */ = {
			isa = PBXGroup;
			children = (
				C661AED62F4510E30094064F /* WidgetKit.framework */,
				C661AED82F4510E30094064F /* SwiftUI.framework */,
			);
			name = Frameworks;
			sourceTree = "<group>";
		};
/* End PBXGroup section */

/* Begin PBXNativeTarget section */
		C661AE712F450C9D0094064F /* Wakeprompt */ = {
			isa = PBXNativeTarget;
			buildConfigurationList = C661AE952F450C9E0094064F /* Build configuration list for PBXNativeTarget "Wakeprompt" */;
			buildPhases = (
				C661AE6E2F450C9D0094064F /* Sources */,
				C661AE6F2F450C9D0094064F /* Frameworks */,
				C661AE702F450C9D0094064F /* Resources */,
				C661AEEF2F4510E30094064F /* Embed Foundation Extensions */,
			);
			buildRules = (
			);
			dependencies = (
				C661AEE92F4510E30094064F /* PBXTargetDependency */,
			);
			fileSystemSynchronizedGroups = (
				C661AE742F450C9D0094064F /* Wakeprompt */,
			);
			name = Wakeprompt;
			packageProductDependencies = (
			);
			productName = Wakeprompt;
			productReference = C661AE722F450C9D0094064F /* Wakeprompt.app */;
			productType = "com.apple.product-type.application";
		};
		C661AE802F450C9E0094064F /* WakepromptTests */ = {
			isa = PBXNativeTarget;
			buildConfigurationList = C661AE982F450C9E0094064F /* Build configuration list for PBXNativeTarget "WakepromptTests" */;
			buildPhases = (
				C661AE7D2F450C9E0094064F /* Sources */,
				C661AE7E2F450C9E0094064F /* Frameworks */,
				C661AE7F2F450C9E0094064F /* Resources */,
			);
			buildRules = (
			);
			dependencies = (
				C661AE832F450C9E0094064F /* PBXTargetDependency */,
			);
			fileSystemSynchronizedGroups = (
				C661AE842F450C9E0094064F /* WakepromptTests */,
			);
			name = WakepromptTests;
			packageProductDependencies = (
			);
			productName = WakepromptTests;
			productReference = C661AE812F450C9E0094064F /* WakepromptTests.xctest */;
			productType = "com.apple.product-type.bundle.unit-test";
		};
		C661AE8A2F450C9E0094064F /* WakepromptUITests */ = {
			isa = PBXNativeTarget;
			buildConfigurationList = C661AE9B2F450C9E0094064F /* Build configuration list for PBXNativeTarget "WakepromptUITests" */;
			buildPhases = (
				C661AE872F450C9E0094064F /* Sources */,
				C661AE882F450C9E0094064F /* Frameworks */,
				C661AE892F450C9E0094064F /* Resources */,
			);
			buildRules = (
			);
			dependencies = (
				C661AE8D2F450C9E0094064F /* PBXTargetDependency */,
			);
			fileSystemSynchronizedGroups = (
				C661AE8E2F450C9E0094064F /* WakepromptUITests */,
			);
			name = WakepromptUITests;
			packageProductDependencies = (
			);
			productName = WakepromptUITests;
			productReference = C661AE8B2F450C9E0094064F /* WakepromptUITests.xctest */;
			productType = "com.apple.product-type.bundle.ui-testing";
		};
		C661AED32F4510E20094064F /* WakepromptWidgetExtension */ = {
			isa = PBXNativeTarget;
			buildConfigurationList = C661AEEC2F4510E30094064F /* Build configuration list for PBXNativeTarget "WakepromptWidgetExtension" */;
			buildPhases = (
				C661AED02F4510E20094064F /* Sources */,
				C661AED12F4510E20094064F /* Frameworks */,
				C661AED22F4510E20094064F /* Resources */,
			);
			buildRules = (
			);
			dependencies = (
			);
			fileSystemSynchronizedGroups = (
				C661AEDA2F4510E30094064F /* WakepromptWidget */,
			);
			name = WakepromptWidgetExtension;
			packageProductDependencies = (
			);
			productName = WakepromptWidgetExtension;
			productReference = C661AED42F4510E20094064F /* WakepromptWidgetExtension.appex */;
			productType = "com.apple.product-type.app-extension";
		};
/* End PBXNativeTarget section */

/* Begin PBXProject section */
		C661AE6A2F450C9D0094064F /* Project object */ = {
			isa = PBXProject;
			attributes = {
				BuildIndependentTargetsInParallel = 1;
				LastSwiftUpdateCheck = 2620;
				LastUpgradeCheck = 2620;
				TargetAttributes = {
					C661AE712F450C9D0094064F = {
						CreatedOnToolsVersion = 26.2;
					};
					C661AE802F450C9E0094064F = {
						CreatedOnToolsVersion = 26.2;
						TestTargetID = C661AE712F450C9D0094064F;
					};
					C661AE8A2F450C9E0094064F = {
						CreatedOnToolsVersion = 26.2;
						TestTargetID = C661AE712F450C9D0094064F;
					};
					C661AED32F4510E20094064F = {
						CreatedOnToolsVersion = 26.2;
					};
				};
			};
			buildConfigurationList = C661AE6D2F450C9D0094064F /* Build configuration list for PBXProject "Wakeprompt" */;
			developmentRegion = en;
			hasScannedForEncodings = 0;
			knownRegions = (
				en,
				Base,
			);
			mainGroup = C661AE692F450C9D0094064F;
			minimizedProjectReferenceProxies = 1;
			preferredProjectObjectVersion = 77;
			productRefGroup = C661AE732F450C9D0094064F /* Products */;
			projectDirPath = "";
			projectRoot = "";
			targets = (
				C661AE712F450C9D0094064F /* Wakeprompt */,
				C661AE802F450C9E0094064F /* WakepromptTests */,
				C661AE8A2F450C9E0094064F /* WakepromptUITests */,
				C661AED32F4510E20094064F /* WakepromptWidgetExtension */,
			);
		};
/* End PBXProject section */

/* Begin PBXResourcesBuildPhase section */
		C661AE702F450C9D0094064F /* Resources */ = {
			isa = PBXResourcesBuildPhase;
			buildActionMask = 2147483647;
			files = (
			);
			runOnlyForDeploymentPostprocessing = 0;
		};
		C661AE7F2F450C9E0094064F /* Resources */ = {
			isa = PBXResourcesBuildPhase;
			buildActionMask = 2147483647;
			files = (
			);
			runOnlyForDeploymentPostprocessing = 0;
		};
		C661AE892F450C9E0094064F /* Resources */ = {
			isa = PBXResourcesBuildPhase;
			buildActionMask = 2147483647;
			files = (
			);
			runOnlyForDeploymentPostprocessing = 0;
		};
		C661AED22F4510E20094064F /* Resources */ = {
			isa = PBXResourcesBuildPhase;
			buildActionMask = 2147483647;
			files = (
			);
			runOnlyForDeploymentPostprocessing = 0;
		};
/* End PBXResourcesBuildPhase section */

/* Begin PBXSourcesBuildPhase section */
		C661AE6E2F450C9D0094064F /* Sources */ = {
			isa = PBXSourcesBuildPhase;
			buildActionMask = 2147483647;
			files = (
			);
			runOnlyForDeploymentPostprocessing = 0;
		};
		C661AE7D2F450C9E0094064F /* Sources */ = {
			isa = PBXSourcesBuildPhase;
			buildActionMask = 2147483647;
			files = (
			);
			runOnlyForDeploymentPostprocessing = 0;
		};
		C661AE872F450C9E0094064F /* Sources */ = {
			isa = PBXSourcesBuildPhase;
			buildActionMask = 2147483647;
			files = (
			);
			runOnlyForDeploymentPostprocessing = 0;
		};
		C661AED02F4510E20094064F /* Sources */ = {
			isa = PBXSourcesBuildPhase;
			buildActionMask = 2147483647;
			files = (
			);
			runOnlyForDeploymentPostprocessing = 0;
		};
/* End PBXSourcesBuildPhase section */

/* Begin PBXTargetDependency section */
		C661AE832F450C9E0094064F /* PBXTargetDependency */ = {
			isa = PBXTargetDependency;
			target = C661AE712F450C9D0094064F /* Wakeprompt */;
			targetProxy = C661AE822F450C9E0094064F /* PBXContainerItemProxy */;
		};
		C661AE8D2F450C9E0094064F /* PBXTargetDependency */ = {
			isa = PBXTargetDependency;
			target = C661AE712F450C9D0094064F /* Wakeprompt */;
			targetProxy = C661AE8C2F450C9E0094064F /* PBXContainerItemProxy */;
		};
		C661AEE92F4510E30094064F /* PBXTargetDependency */ = {
			isa = PBXTargetDependency;
			target = C661AED32F4510E20094064F /* WakepromptWidgetExtension */;
			targetProxy = C661AEE82F4510E30094064F /* PBXContainerItemProxy */;
		};
/* End PBXTargetDependency section */

/* Begin XCBuildConfiguration section */
		C661AE932F450C9E0094064F /* Debug */ = {
			isa = XCBuildConfiguration;
			buildSettings = {
				ALWAYS_SEARCH_USER_PATHS = NO;
				ASSETCATALOG_COMPILER_GENERATE_SWIFT_ASSET_SYMBOL_EXTENSIONS = YES;
				CLANG_ANALYZER_NONNULL = YES;
				CLANG_ANALYZER_NUMBER_OBJECT_CONVERSION = YES_AGGRESSIVE;
				CLANG_CXX_LANGUAGE_STANDARD = "gnu++20";
				CLANG_ENABLE_MODULES = YES;
				CLANG_ENABLE_OBJC_ARC = YES;
				CLANG_ENABLE_OBJC_WEAK = YES;
				CLANG_WARN_BLOCK_CAPTURE_AUTORELEASING = YES;
				CLANG_WARN_BOOL_CONVERSION = YES;
				CLANG_WARN_COMMA = YES;
				CLANG_WARN_CONSTANT_CONVERSION = YES;
				CLANG_WARN_DEPRECATED_OBJC_IMPLEMENTATIONS = YES;
				CLANG_WARN_DIRECT_OBJC_ISA_USAGE = YES_ERROR;
				CLANG_WARN_DOCUMENTATION_COMMENTS = YES;
				CLANG_WARN_EMPTY_BODY = YES;
				CLANG_WARN_ENUM_CONVERSION = YES;
				CLANG_WARN_INFINITE_RECURSION = YES;
				CLANG_WARN_INT_CONVERSION = YES;
				CLANG_WARN_NON_LITERAL_NULL_CONVERSION = YES;
				CLANG_WARN_OBJC_IMPLICIT_RETAIN_SELF = YES;
				CLANG_WARN_OBJC_LITERAL_CONVERSION = YES;
				CLANG_WARN_OBJC_ROOT_CLASS = YES_ERROR;
				CLANG_WARN_QUOTED_INCLUDE_IN_FRAMEWORK_HEADER = YES;
				CLANG_WARN_RANGE_LOOP_ANALYSIS = YES;
				CLANG_WARN_STRICT_PROTOTYPES = YES;
				CLANG_WARN_SUSPICIOUS_MOVE = YES;
				CLANG_WARN_UNGUARDED_AVAILABILITY = YES_AGGRESSIVE;
				CLANG_WARN_UNREACHABLE_CODE = YES;
				CLANG_WARN__DUPLICATE_METHOD_MATCH = YES;
				COPY_PHASE_STRIP = NO;
				DEBUG_INFORMATION_FORMAT = dwarf;
				DEVELOPMENT_TEAM = 8G2Y7545P7;
				ENABLE_STRICT_OBJC_MSGSEND = YES;
				ENABLE_TESTABILITY = YES;
				ENABLE_USER_SCRIPT_SANDBOXING = YES;
				GCC_C_LANGUAGE_STANDARD = gnu17;
				GCC_DYNAMIC_NO_PIC = NO;
				GCC_NO_COMMON_BLOCKS = YES;
				GCC_OPTIMIZATION_LEVEL = 0;
				GCC_PREPROCESSOR_DEFINITIONS = (
					"DEBUG=1",
					"$(inherited)",
				);
				GCC_WARN_64_TO_32_BIT_CONVERSION = YES;
				GCC_WARN_ABOUT_RETURN_TYPE = YES_ERROR;
				GCC_WARN_UNDECLARED_SELECTOR = YES;
				GCC_WARN_UNINITIALIZED_AUTOS = YES_AGGRESSIVE;
				GCC_WARN_UNUSED_FUNCTION = YES;
				GCC_WARN_UNUSED_VARIABLE = YES;
				IPHONEOS_DEPLOYMENT_TARGET = 26.2;
				LOCALIZATION_PREFERS_STRING_CATALOGS = YES;
				MTL_ENABLE_DEBUG_INFO = INCLUDE_SOURCE;
				MTL_FAST_MATH = YES;
				ONLY_ACTIVE_ARCH = YES;
				SDKROOT = iphoneos;
				SWIFT_ACTIVE_COMPILATION_CONDITIONS = "DEBUG $(inherited)";
				SWIFT_OPTIMIZATION_LEVEL = "-Onone";
			};
			name = Debug;
		};
		C661AE942F450C9E0094064F /* Release */ = {
			isa = XCBuildConfiguration;
			buildSettings = {
				ALWAYS_SEARCH_USER_PATHS = NO;
				ASSETCATALOG_COMPILER_GENERATE_SWIFT_ASSET_SYMBOL_EXTENSIONS = YES;
				CLANG_ANALYZER_NONNULL = YES;
				CLANG_ANALYZER_NUMBER_OBJECT_CONVERSION = YES_AGGRESSIVE;
				CLANG_CXX_LANGUAGE_STANDARD = "gnu++20";
				CLANG_ENABLE_MODULES = YES;
				CLANG_ENABLE_OBJC_ARC = YES;
				CLANG_ENABLE_OBJC_WEAK = YES;
				CLANG_WARN_BLOCK_CAPTURE_AUTORELEASING = YES;
				CLANG_WARN_BOOL_CONVERSION = YES;
				CLANG_WARN_COMMA = YES;
				CLANG_WARN_CONSTANT_CONVERSION = YES;
				CLANG_WARN_DEPRECATED_OBJC_IMPLEMENTATIONS = YES;
				CLANG_WARN_DIRECT_OBJC_ISA_USAGE = YES_ERROR;
				CLANG_WARN_DOCUMENTATION_COMMENTS = YES;
				CLANG_WARN_EMPTY_BODY = YES;
				CLANG_WARN_ENUM_CONVERSION = YES;
				CLANG_WARN_INFINITE_RECURSION = YES;
				CLANG_WARN_INT_CONVERSION = YES;
				CLANG_WARN_NON_LITERAL_NULL_CONVERSION = YES;
				CLANG_WARN_OBJC_IMPLICIT_RETAIN_SELF = YES;
				CLANG_WARN_OBJC_LITERAL_CONVERSION = YES;
				CLANG_WARN_OBJC_ROOT_CLASS = YES_ERROR;
				CLANG_WARN_QUOTED_INCLUDE_IN_FRAMEWORK_HEADER = YES;
				CLANG_WARN_RANGE_LOOP_ANALYSIS = YES;
				CLANG_WARN_STRICT_PROTOTYPES = YES;
				CLANG_WARN_SUSPICIOUS_MOVE = YES;
				CLANG_WARN_UNGUARDED_AVAILABILITY = YES_AGGRESSIVE;
				CLANG_WARN_UNREACHABLE_CODE = YES;
				CLANG_WARN__DUPLICATE_METHOD_MATCH = YES;
				COPY_PHASE_STRIP = NO;
				DEBUG_INFORMATION_FORMAT = "dwarf-with-dsym";
				DEVELOPMENT_TEAM = 8G2Y7545P7;
				ENABLE_NS_ASSERTIONS = NO;
				ENABLE_STRICT_OBJC_MSGSEND = YES;
				ENABLE_USER_SCRIPT_SANDBOXING = YES;
				GCC_C_LANGUAGE_STANDARD = gnu17;
				GCC_NO_COMMON_BLOCKS = YES;
				GCC_WARN_64_TO_32_BIT_CONVERSION = YES;
				GCC_WARN_ABOUT_RETURN_TYPE = YES_ERROR;
				GCC_WARN_UNDECLARED_SELECTOR = YES;
				GCC_WARN_UNINITIALIZED_AUTOS = YES_AGGRESSIVE;
				GCC_WARN_UNUSED_FUNCTION = YES;
				GCC_WARN_UNUSED_VARIABLE = YES;
				IPHONEOS_DEPLOYMENT_TARGET = 26.2;
				LOCALIZATION_PREFERS_STRING_CATALOGS = YES;
				MTL_ENABLE_DEBUG_INFO = NO;
				MTL_FAST_MATH = YES;
				SDKROOT = iphoneos;
				SWIFT_COMPILATION_MODE = wholemodule;
				VALIDATE_PRODUCT = YES;
			};
			name = Release;
		};
		C661AE962F450C9E0094064F /* Debug */ = {
			isa = XCBuildConfiguration;
			buildSettings = {
				ASSETCATALOG_COMPILER_APPICON_NAME = AppIcon;
				ASSETCATALOG_COMPILER_GLOBAL_ACCENT_COLOR_NAME = AccentColor;
				"CODE_SIGN_ENTITLEMENTS[sdk=*]" = Wakeprompt/Wakeprompt.entitlements;
				CODE_SIGN_STYLE = Automatic;
				CURRENT_PROJECT_VERSION = 1;
				DEVELOPMENT_TEAM = 2B7K4YLS34;
				ENABLE_PREVIEWS = YES;
				GENERATE_INFOPLIST_FILE = YES;
				INFOPLIST_FILE = Wakeprompt/Info.plist;
				INFOPLIST_KEY_UIApplicationSceneManifest_Generation = YES;
				INFOPLIST_KEY_UIApplicationSupportsIndirectInputEvents = YES;
				INFOPLIST_KEY_UILaunchScreen_Generation = YES;
				INFOPLIST_KEY_UISupportedInterfaceOrientations_iPad = "UIInterfaceOrientationPortrait UIInterfaceOrientationPortraitUpsideDown UIInterfaceOrientationLandscapeLeft UIInterfaceOrientationLandscapeRight";
				INFOPLIST_KEY_UISupportedInterfaceOrientations_iPhone = "UIInterfaceOrientationPortrait UIInterfaceOrientationLandscapeLeft UIInterfaceOrientationLandscapeRight";
				LD_RUNPATH_SEARCH_PATHS = (
					"$(inherited)",
					"@executable_path/Frameworks",
				);
				MARKETING_VERSION = 1.0;
				PRODUCT_BUNDLE_IDENTIFIER = com.AnyCognition.Wakeprompt;
				PRODUCT_NAME = "$(TARGET_NAME)";
				STRING_CATALOG_GENERATE_SYMBOLS = YES;
				SWIFT_APPROACHABLE_CONCURRENCY = YES;
				SWIFT_DEFAULT_ACTOR_ISOLATION = MainActor;
				SWIFT_EMIT_LOC_STRINGS = YES;
				SWIFT_UPCOMING_FEATURE_MEMBER_IMPORT_VISIBILITY = YES;
				SWIFT_VERSION = 5.0;
				TARGETED_DEVICE_FAMILY = "1,2";
			};
			name = Debug;
		};
		C661AE972F450C9E0094064F /* Release */ = {
			isa = XCBuildConfiguration;
			buildSettings = {
				ASSETCATALOG_COMPILER_APPICON_NAME = AppIcon;
				ASSETCATALOG_COMPILER_GLOBAL_ACCENT_COLOR_NAME = AccentColor;
				"CODE_SIGN_ENTITLEMENTS[sdk=*]" = Wakeprompt/Wakeprompt.entitlements;
				CODE_SIGN_STYLE = Automatic;
				CURRENT_PROJECT_VERSION = 1;
				DEVELOPMENT_TEAM = 2B7K4YLS34;
				ENABLE_PREVIEWS = YES;
				GENERATE_INFOPLIST_FILE = YES;
				INFOPLIST_FILE = Wakeprompt/Info.plist;
				INFOPLIST_KEY_UIApplicationSceneManifest_Generation = YES;
				INFOPLIST_KEY_UIApplicationSupportsIndirectInputEvents = YES;
				INFOPLIST_KEY_UILaunchScreen_Generation = YES;
				INFOPLIST_KEY_UISupportedInterfaceOrientations_iPad = "UIInterfaceOrientationPortrait UIInterfaceOrientationPortraitUpsideDown UIInterfaceOrientationLandscapeLeft UIInterfaceOrientationLandscapeRight";
				INFOPLIST_KEY_UISupportedInterfaceOrientations_iPhone = "UIInterfaceOrientationPortrait UIInterfaceOrientationLandscapeLeft UIInterfaceOrientationLandscapeRight";
				LD_RUNPATH_SEARCH_PATHS = (
					"$(inherited)",
					"@executable_path/Frameworks",
				);
				MARKETING_VERSION = 1.0;
				PRODUCT_BUNDLE_IDENTIFIER = com.AnyCognition.Wakeprompt;
				PRODUCT_NAME = "$(TARGET_NAME)";
				STRING_CATALOG_GENERATE_SYMBOLS = YES;
				SWIFT_APPROACHABLE_CONCURRENCY = YES;
				SWIFT_DEFAULT_ACTOR_ISOLATION = MainActor;
				SWIFT_EMIT_LOC_STRINGS = YES;
				SWIFT_UPCOMING_FEATURE_MEMBER_IMPORT_VISIBILITY = YES;
				SWIFT_VERSION = 5.0;
				TARGETED_DEVICE_FAMILY = "1,2";
			};
			name = Release;
		};
		C661AE992F450C9E0094064F /* Debug */ = {
			isa = XCBuildConfiguration;
			buildSettings = {
				BUNDLE_LOADER = "$(TEST_HOST)";
				CODE_SIGN_STYLE = Automatic;
				CURRENT_PROJECT_VERSION = 1;
				DEVELOPMENT_TEAM = 2B7K4YLS34;
				GENERATE_INFOPLIST_FILE = YES;
				IPHONEOS_DEPLOYMENT_TARGET = 26.2;
				MARKETING_VERSION = 1.0;
				PRODUCT_BUNDLE_IDENTIFIER = com.davrondjabborov.WakepromptTests;
				PRODUCT_NAME = "$(TARGET_NAME)";
				STRING_CATALOG_GENERATE_SYMBOLS = NO;
				SWIFT_APPROACHABLE_CONCURRENCY = YES;
				SWIFT_EMIT_LOC_STRINGS = NO;
				SWIFT_UPCOMING_FEATURE_MEMBER_IMPORT_VISIBILITY = YES;
				SWIFT_VERSION = 5.0;
				TARGETED_DEVICE_FAMILY = "1,2";
				TEST_HOST = "$(BUILT_PRODUCTS_DIR)/Wakeprompt.app/$(BUNDLE_EXECUTABLE_FOLDER_PATH)/Wakeprompt";
			};
			name = Debug;
		};
		C661AE9A2F450C9E0094064F /* Release */ = {
			isa = XCBuildConfiguration;
			buildSettings = {
				BUNDLE_LOADER = "$(TEST_HOST)";
				CODE_SIGN_STYLE = Automatic;
				CURRENT_PROJECT_VERSION = 1;
				DEVELOPMENT_TEAM = 2B7K4YLS34;
				GENERATE_INFOPLIST_FILE = YES;
				IPHONEOS_DEPLOYMENT_TARGET = 26.2;
				MARKETING_VERSION = 1.0;
				PRODUCT_BUNDLE_IDENTIFIER = com.davrondjabborov.WakepromptTests;
				PRODUCT_NAME = "$(TARGET_NAME)";
				STRING_CATALOG_GENERATE_SYMBOLS = NO;
				SWIFT_APPROACHABLE_CONCURRENCY = YES;
				SWIFT_EMIT_LOC_STRINGS = NO;
				SWIFT_UPCOMING_FEATURE_MEMBER_IMPORT_VISIBILITY = YES;
				SWIFT_VERSION = 5.0;
				TARGETED_DEVICE_FAMILY = "1,2";
				TEST_HOST = "$(BUILT_PRODUCTS_DIR)/Wakeprompt.app/$(BUNDLE_EXECUTABLE_FOLDER_PATH)/Wakeprompt";
			};
			name = Release;
		};
		C661AE9C2F450C9E0094064F /* Debug */ = {
			isa = XCBuildConfiguration;
			buildSettings = {
				CODE_SIGN_STYLE = Automatic;
				CURRENT_PROJECT_VERSION = 1;
				DEVELOPMENT_TEAM = 2B7K4YLS34;
				GENERATE_INFOPLIST_FILE = YES;
				MARKETING_VERSION = 1.0;
				PRODUCT_BUNDLE_IDENTIFIER = com.davrondjabborov.WakepromptUITests;
				PRODUCT_NAME = "$(TARGET_NAME)";
				STRING_CATALOG_GENERATE_SYMBOLS = NO;
				SWIFT_APPROACHABLE_CONCURRENCY = YES;
				SWIFT_EMIT_LOC_STRINGS = NO;
				SWIFT_UPCOMING_FEATURE_MEMBER_IMPORT_VISIBILITY = YES;
				SWIFT_VERSION = 5.0;
				TARGETED_DEVICE_FAMILY = "1,2";
				TEST_TARGET_NAME = Wakeprompt;
			};
			name = Debug;
		};
		C661AE9D2F450C9E0094064F /* Release */ = {
			isa = XCBuildConfiguration;
			buildSettings = {
				CODE_SIGN_STYLE = Automatic;
				CURRENT_PROJECT_VERSION = 1;
				DEVELOPMENT_TEAM = 2B7K4YLS34;
				GENERATE_INFOPLIST_FILE = YES;
				MARKETING_VERSION = 1.0;
				PRODUCT_BUNDLE_IDENTIFIER = com.davrondjabborov.WakepromptUITests;
				PRODUCT_NAME = "$(TARGET_NAME)";
				STRING_CATALOG_GENERATE_SYMBOLS = NO;
				SWIFT_APPROACHABLE_CONCURRENCY = YES;
				SWIFT_EMIT_LOC_STRINGS = NO;
				SWIFT_UPCOMING_FEATURE_MEMBER_IMPORT_VISIBILITY = YES;
				SWIFT_VERSION = 5.0;
				TARGETED_DEVICE_FAMILY = "1,2";
				TEST_TARGET_NAME = Wakeprompt;
			};
			name = Release;
		};
		C661AEED2F4510E30094064F /* Debug */ = {
			isa = XCBuildConfiguration;
			buildSettings = {
				ASSETCATALOG_COMPILER_GLOBAL_ACCENT_COLOR_NAME = AccentColor;
				ASSETCATALOG_COMPILER_WIDGET_BACKGROUND_COLOR_NAME = WidgetBackground;
				CODE_SIGN_STYLE = Automatic;
				CURRENT_PROJECT_VERSION = 1;
				DEVELOPMENT_TEAM = 2B7K4YLS34;
				GENERATE_INFOPLIST_FILE = YES;
				INFOPLIST_FILE = WakepromptWidget/Info.plist;
				INFOPLIST_KEY_CFBundleDisplayName = WakepromptWidget;
				INFOPLIST_KEY_NSHumanReadableCopyright = "";
				LD_RUNPATH_SEARCH_PATHS = (
					"$(inherited)",
					"@executable_path/Frameworks",
					"@executable_path/../../Frameworks",
				);
				MARKETING_VERSION = 1.0;
				PRODUCT_BUNDLE_IDENTIFIER = com.AnyCognition.Wakeprompt.WakepromptWidget;
				PRODUCT_NAME = "$(TARGET_NAME)";
				SKIP_INSTALL = YES;
				STRING_CATALOG_GENERATE_SYMBOLS = YES;
				SWIFT_APPROACHABLE_CONCURRENCY = YES;
				SWIFT_EMIT_LOC_STRINGS = YES;
				SWIFT_UPCOMING_FEATURE_MEMBER_IMPORT_VISIBILITY = YES;
				SWIFT_VERSION = 5.0;
				TARGETED_DEVICE_FAMILY = "1,2";
			};
			name = Debug;
		};
		C661AEEE2F4510E30094064F /* Release */ = {
			isa = XCBuildConfiguration;
			buildSettings = {
				ASSETCATALOG_COMPILER_GLOBAL_ACCENT_COLOR_NAME = AccentColor;
				ASSETCATALOG_COMPILER_WIDGET_BACKGROUND_COLOR_NAME = WidgetBackground;
				CODE_SIGN_STYLE = Automatic;
				CURRENT_PROJECT_VERSION = 1;
				DEVELOPMENT_TEAM = 2B7K4YLS34;
				GENERATE_INFOPLIST_FILE = YES;
				INFOPLIST_FILE = WakepromptWidget/Info.plist;
				INFOPLIST_KEY_CFBundleDisplayName = WakepromptWidget;
				INFOPLIST_KEY_NSHumanReadableCopyright = "";
				LD_RUNPATH_SEARCH_PATHS = (
					"$(inherited)",
					"@executable_path/Frameworks",
					"@executable_path/../../Frameworks",
				);
				MARKETING_VERSION = 1.0;
				PRODUCT_BUNDLE_IDENTIFIER = com.AnyCognition.Wakeprompt.WakepromptWidget;
				PRODUCT_NAME = "$(TARGET_NAME)";
				SKIP_INSTALL = YES;
				STRING_CATALOG_GENERATE_SYMBOLS = YES;
				SWIFT_APPROACHABLE_CONCURRENCY = YES;
				SWIFT_EMIT_LOC_STRINGS = YES;
				SWIFT_UPCOMING_FEATURE_MEMBER_IMPORT_VISIBILITY = YES;
				SWIFT_VERSION = 5.0;
				TARGETED_DEVICE_FAMILY = "1,2";
			};
			name = Release;
		};
/* End XCBuildConfiguration section */

/* Begin XCConfigurationList section */
		C661AE6D2F450C9D0094064F /* Build configuration list for PBXProject "Wakeprompt" */ = {
			isa = XCConfigurationList;
			buildConfigurations = (
				C661AE932F450C9E0094064F /* Debug */,
				C661AE942F450C9E0094064F /* Release */,
			);
			defaultConfigurationIsVisible = 0;
			defaultConfigurationName = Release;
		};
		C661AE952F450C9E0094064F /* Build configuration list for PBXNativeTarget "Wakeprompt" */ = {
			isa = XCConfigurationList;
			buildConfigurations = (
				C661AE962F450C9E0094064F /* Debug */,
				C661AE972F450C9E0094064F /* Release */,
			);
			defaultConfigurationIsVisible = 0;
			defaultConfigurationName = Release;
		};
		C661AE982F450C9E0094064F /* Build configuration list for PBXNativeTarget "WakepromptTests" */ = {
			isa = XCConfigurationList;
			buildConfigurations = (
				C661AE992F450C9E0094064F /* Debug */,
				C661AE9A2F450C9E0094064F /* Release */,
			);
			defaultConfigurationIsVisible = 0;
			defaultConfigurationName = Release;
		};
		C661AE9B2F450C9E0094064F /* Build configuration list for PBXNativeTarget "WakepromptUITests" */ = {
			isa = XCConfigurationList;
			buildConfigurations = (
				C661AE9C2F450C9E0094064F /* Debug */,
				C661AE9D2F450C9E0094064F /* Release */,
			);
			defaultConfigurationIsVisible = 0;
			defaultConfigurationName = Release;
		};
		C661AEEC2F4510E30094064F /* Build configuration list for PBXNativeTarget "WakepromptWidgetExtension" */ = {
			isa = XCConfigurationList;
			buildConfigurations = (
				C661AEED2F4510E30094064F /* Debug */,
				C661AEEE2F4510E30094064F /* Release */,
			);
			defaultConfigurationIsVisible = 0;
			defaultConfigurationName = Release;
		};
/* End XCConfigurationList section */
	};
	rootObject = C661AE6A2F450C9D0094064F /* Project object */;
}
